
Microsoft Visual Studio Solution File, Format Version 12.00
# Visual Studio Version 16
VisualStudioVersion = 16.0.30309.148
MinimumVisualStudioVersion = 10.0.40219.1
Project("{8BC9CEB8-8B4A-11D0-8D11-00A0C91BC942}") = "DevCaps1", "DevCaps1.vcxproj", "{C3242BEA-7A1B-4435-94A8-C797C513C75E}"
EndProject
Global
	GlobalSection(SolutionConfigurationPlatforms) = preSolution
		Debug|x64 = Debug|x64
		Debug|x86 = Debug|x86
		Release|x64 = Release|x64
		Release|x86 = Release|x86
	EndGlobalSection
	GlobalSection(ProjectConfigurationPlatforms) = postSolution
		{C3242BEA-7A1B-4435-94A8-C797C513C75E}.Debug|x64.ActiveCfg = Debug|x64
		{C3242BEA-7A1B-4435-94A8-C797C513C75E}.Debug|x64.Build.0 = Debug|x64
		{C3242BEA-7A1B-4435-94A8-C797C513C75E}.Debug|x86.ActiveCfg = Debug|Win32
		{C3242BEA-7A1B-4435-94A8-C797C513C75E}.Debug|x86.Build.0 = Debug|Win32
		{C3242BEA-7A1B-4435-94A8-C797C513C75E}.Release|x64.ActiveCfg = Release|x64
		{C3242BEA-7A1B-4435-94A8-C797C513C75E}.Release|x64.Build.0 = Release|x64
		{C3242BEA-7A1B-4435-94A8-C797C513C75E}.Release|x86.ActiveCfg = Release|Win32
		{C3242BEA-7A1B-4435-94A8-C797C513C75E}.Release|x86.Build.0 = Release|Win32
	EndGlobalSection
	GlobalSection(SolutionProperties) = preSolution
		HideSolutionNode = FALSE
	EndGlobalSection
	GlobalSection(ExtensibilityGlobals) = postSolution
		SolutionGuid = {2021F8F2-6C16-45F0-A74C-0B6C7D65B854}
	EndGlobalSection
EndGlobal
