
Microsoft Visual Studio Solution File, Format Version 12.00
# Visual Studio Version 16
VisualStudioVersion = 16.0.30320.27
MinimumVisualStudioVersion = 10.0.40219.1
Project("{8BC9CEB8-8B4A-11D0-8D11-00A0C91BC942}") = "Split screen timer", "Split screen timer.vcxproj", "{80C9E4A0-EFED-4EA3-96EF-CF07C3F37442}"
EndProject
Global
	GlobalSection(SolutionConfigurationPlatforms) = preSolution
		Debug|x64 = Debug|x64
		Debug|x86 = Debug|x86
		Release|x64 = Release|x64
		Release|x86 = Release|x86
	EndGlobalSection
	GlobalSection(ProjectConfigurationPlatforms) = postSolution
		{80C9E4A0-EFED-4EA3-96EF-CF07C3F37442}.Debug|x64.ActiveCfg = Debug|x64
		{80C9E4A0-EFED-4EA3-96EF-CF07C3F37442}.Debug|x64.Build.0 = Debug|x64
		{80C9E4A0-EFED-4EA3-96EF-CF07C3F37442}.Debug|x86.ActiveCfg = Debug|Win32
		{80C9E4A0-EFED-4EA3-96EF-CF07C3F37442}.Debug|x86.Build.0 = Debug|Win32
		{80C9E4A0-EFED-4EA3-96EF-CF07C3F37442}.Release|x64.ActiveCfg = Release|x64
		{80C9E4A0-EFED-4EA3-96EF-CF07C3F37442}.Release|x64.Build.0 = Release|x64
		{80C9E4A0-EFED-4EA3-96EF-CF07C3F37442}.Release|x86.ActiveCfg = Release|Win32
		{80C9E4A0-EFED-4EA3-96EF-CF07C3F37442}.Release|x86.Build.0 = Release|Win32
	EndGlobalSection
	GlobalSection(SolutionProperties) = preSolution
		HideSolutionNode = FALSE
	EndGlobalSection
	GlobalSection(ExtensibilityGlobals) = postSolution
		SolutionGuid = {72F2ED29-AD78-4D08-A0FD-DBE9A5D452FB}
	EndGlobalSection
EndGlobal
